
Microsoft Visual Studio Solution File, Format Version 12.00
# Visual Studio Version 17
VisualStudioVersion = 17.8.34330.188
MinimumVisualStudioVersion = 10.0.40219.1
Project("{FAE04EC0-301F-11D3-BF4B-00C04F79EFBC}") = "Graph", "Graph\Graph.csproj", "{4ECD1C73-FA1C-41B8-8835-9402FB5E8B4F}"
EndProject
Global
	GlobalSection(SolutionConfigurationPlatforms) = preSolution
		Debug|Any CPU = Debug|Any CPU
		Release|Any CPU = Release|Any CPU
	EndGlobalSection
	GlobalSection(ProjectConfigurationPlatforms) = postSolution
		{4ECD1C73-FA1C-41B8-8835-9402FB5E8B4F}.Debug|Any CPU.ActiveCfg = Debug|Any CPU
		{4ECD1C73-FA1C-41B8-8835-9402FB5E8B4F}.Debug|Any CPU.Build.0 = Debug|Any CPU
		{4ECD1C73-FA1C-41B8-8835-9402FB5E8B4F}.Release|Any CPU.ActiveCfg = Release|Any CPU
		{4ECD1C73-FA1C-41B8-8835-9402FB5E8B4F}.Release|Any CPU.Build.0 = Release|Any CPU
	EndGlobalSection
	GlobalSection(SolutionProperties) = preSolution
		HideSolutionNode = FALSE
	EndGlobalSection
	GlobalSection(ExtensibilityGlobals) = postSolution
		SolutionGuid = {34D2B2CB-D6C7-454C-BE9E-05B1DE31BA69}
	EndGlobalSection
EndGlobal
